
Microsoft Visual Studio Solution File, Format Version 12.00
# Visual Studio Version 17
VisualStudioVersion = 17.12.35728.132 d17.12
MinimumVisualStudioVersion = 10.0.40219.1
Project("{FAE04EC0-301F-11D3-BF4B-00C04F79EFBC}") = "TI83Sharp", "TI83Sharp\TI83Sharp.csproj", "{1CE38584-70E8-44F6-80F4-CA2DF23D70B2}"
EndProject
Project("{FAE04EC0-301F-11D3-BF4B-00C04F79EFBC}") = "TI83SharpTests", "TI83SharpTests\TI83SharpTests.csproj", "{7F3B08C0-4A5B-47AD-B871-444AA11F6C97}"
EndProject
Global
	GlobalSection(SolutionConfigurationPlatforms) = preSolution
		Debug|Any CPU = Debug|Any CPU
		Release|Any CPU = Release|Any CPU
	EndGlobalSection
	GlobalSection(ProjectConfigurationPlatforms) = postSolution
		{1CE38584-70E8-44F6-80F4-CA2DF23D70B2}.Debug|Any CPU.ActiveCfg = Debug|Any CPU
		{1CE38584-70E8-44F6-80F4-CA2DF23D70B2}.Debug|Any CPU.Build.0 = Debug|Any CPU
		{1CE38584-70E8-44F6-80F4-CA2DF23D70B2}.Release|Any CPU.ActiveCfg = Release|Any CPU
		{1CE38584-70E8-44F6-80F4-CA2DF23D70B2}.Release|Any CPU.Build.0 = Release|Any CPU
		{7F3B08C0-4A5B-47AD-B871-444AA11F6C97}.Debug|Any CPU.ActiveCfg = Debug|Any CPU
		{7F3B08C0-4A5B-47AD-B871-444AA11F6C97}.Debug|Any CPU.Build.0 = Debug|Any CPU
		{7F3B08C0-4A5B-47AD-B871-444AA11F6C97}.Release|Any CPU.ActiveCfg = Release|Any CPU
		{7F3B08C0-4A5B-47AD-B871-444AA11F6C97}.Release|Any CPU.Build.0 = Release|Any CPU
	EndGlobalSection
	GlobalSection(SolutionProperties) = preSolution
		HideSolutionNode = FALSE
	EndGlobalSection
EndGlobal
